// !$*UTF8*$!
{
	archiveVersion = 1;
	classes = {
	};
	objectVersion = 56;
	objects = {

/* Begin PBXBuildFile section */
		1162BA852B7AA4E300CBFD68 /* AppDelegate.swift in Sources */ = {isa = PBXBuildFile; fileRef = 1162BA842B7AA4E300CBFD68 /* AppDelegate.swift */; };
		1162BA872B7AA4E300CBFD68 /* SceneDelegate.swift in Sources */ = {isa = PBXBuildFile; fileRef = 1162BA862B7AA4E300CBFD68 /* SceneDelegate.swift */; };
		1162BA8F2B7AA4E300CBFD68 /* GrillTimer_Swift_CodeUI.xcdatamodeld in Sources */ = {isa = PBXBuildFile; fileRef = 1162BA8D2B7AA4E300CBFD68 /* GrillTimer_Swift_CodeUI.xcdatamodeld */; };
		1162BA912B7AA4E500CBFD68 /* Assets.xcassets in Resources */ = {isa = PBXBuildFile; fileRef = 1162BA902B7AA4E500CBFD68 /* Assets.xcassets */; };
		1162BA942B7AA4E500CBFD68 /* LaunchScreen.storyboard in Resources */ = {isa = PBXBuildFile; fileRef = 1162BA922B7AA4E500CBFD68 /* LaunchScreen.storyboard */; };
		1162BAC32B7CF39C00CBFD68 /* RootCoordinator.swift in Sources */ = {isa = PBXBuildFile; fileRef = 1162BAC22B7CF39C00CBFD68 /* RootCoordinator.swift */; };
		1162BAC62B7CF44F00CBFD68 /* DishesViewController.swift in Sources */ = {isa = PBXBuildFile; fileRef = 1162BAC52B7CF44F00CBFD68 /* DishesViewController.swift */; };
		1162BAC82B7CF45E00CBFD68 /* DishesViewModel.swift in Sources */ = {isa = PBXBuildFile; fileRef = 1162BAC72B7CF45E00CBFD68 /* DishesViewModel.swift */; };
		1162BACD2B7CF8F900CBFD68 /* SnapKit in Frameworks */ = {isa = PBXBuildFile; productRef = 1162BACC2B7CF8F900CBFD68 /* SnapKit */; };
		1162BACF2B7CF8F900CBFD68 /* SnapKit-Dynamic in Frameworks */ = {isa = PBXBuildFile; productRef = 1162BACE2B7CF8F900CBFD68 /* SnapKit-Dynamic */; };
		1162BAEA2B7E600E00CBFD68 /* Dish.swift in Sources */ = {isa = PBXBuildFile; fileRef = 1162BAE92B7E600E00CBFD68 /* Dish.swift */; };
		1162BAED2B7E60B200CBFD68 /* FirebaseManager.swift in Sources */ = {isa = PBXBuildFile; fileRef = 1162BAEC2B7E60B200CBFD68 /* FirebaseManager.swift */; };
		117E8FD72BC1442000D3AF7B /* GoogleService-Info.plist in Resources */ = {isa = PBXBuildFile; fileRef = 117E8FD62BC1442000D3AF7B /* GoogleService-Info.plist */; };
		117E8FE12BC1472800D3AF7B /* DishCoordinator.swift in Sources */ = {isa = PBXBuildFile; fileRef = 117E8FE02BC1472800D3AF7B /* DishCoordinator.swift */; };
		117E8FE92BC14E3D00D3AF7B /* TabBarItem.swift in Sources */ = {isa = PBXBuildFile; fileRef = 117E8FE82BC14E3D00D3AF7B /* TabBarItem.swift */; };
		117E8FF12BC1553B00D3AF7B /* Manrope-SemiBold.ttf in Resources */ = {isa = PBXBuildFile; fileRef = 117E8FEA2BC1553900D3AF7B /* Manrope-SemiBold.ttf */; };
		117E8FF22BC1553B00D3AF7B /* Manrope-ExtraBold.ttf in Resources */ = {isa = PBXBuildFile; fileRef = 117E8FEB2BC1553B00D3AF7B /* Manrope-ExtraBold.ttf */; };
		117E8FF32BC1553B00D3AF7B /* Manrope-Light.ttf in Resources */ = {isa = PBXBuildFile; fileRef = 117E8FEC2BC1553B00D3AF7B /* Manrope-Light.ttf */; };
		117E8FF42BC1553B00D3AF7B /* Manrope-Regular.ttf in Resources */ = {isa = PBXBuildFile; fileRef = 117E8FED2BC1553B00D3AF7B /* Manrope-Regular.ttf */; };
		117E8FF52BC1553B00D3AF7B /* Manrope-ExtraLight.ttf in Resources */ = {isa = PBXBuildFile; fileRef = 117E8FEE2BC1553B00D3AF7B /* Manrope-ExtraLight.ttf */; };
		117E8FF62BC1553B00D3AF7B /* Manrope-Medium.ttf in Resources */ = {isa = PBXBuildFile; fileRef = 117E8FEF2BC1553B00D3AF7B /* Manrope-Medium.ttf */; };
		117E8FF72BC1553B00D3AF7B /* Manrope-Bold.ttf in Resources */ = {isa = PBXBuildFile; fileRef = 117E8FF02BC1553B00D3AF7B /* Manrope-Bold.ttf */; };
		117E8FF92BC1555000D3AF7B /* UIFont + Extension.swift in Sources */ = {isa = PBXBuildFile; fileRef = 117E8FF82BC1555000D3AF7B /* UIFont + Extension.swift */; };
		117E8FFB2BC16BA500D3AF7B /* DishesCompositionalLayout.swift in Sources */ = {isa = PBXBuildFile; fileRef = 117E8FFA2BC16BA500D3AF7B /* DishesCompositionalLayout.swift */; };
		117E8FFD2BC17D4500D3AF7B /* DishHeaderView.swift in Sources */ = {isa = PBXBuildFile; fileRef = 117E8FFC2BC17D4500D3AF7B /* DishHeaderView.swift */; };
		117E8FFF2BC184DF00D3AF7B /* DishesCollectionCell.swift in Sources */ = {isa = PBXBuildFile; fileRef = 117E8FFE2BC184DF00D3AF7B /* DishesCollectionCell.swift */; };
		119924162B89D30E00EC7DF0 /* FirebaseAnalytics in Frameworks */ = {isa = PBXBuildFile; productRef = 119924152B89D30E00EC7DF0 /* FirebaseAnalytics */; };
		119924182B89D30E00EC7DF0 /* FirebaseAuth in Frameworks */ = {isa = PBXBuildFile; productRef = 119924172B89D30E00EC7DF0 /* FirebaseAuth */; };
		1199241A2B89D30E00EC7DF0 /* FirebaseAuthCombine-Community in Frameworks */ = {isa = PBXBuildFile; productRef = 119924192B89D30E00EC7DF0 /* FirebaseAuthCombine-Community */; };
		1199241C2B89D30E00EC7DF0 /* FirebaseCrashlytics in Frameworks */ = {isa = PBXBuildFile; productRef = 1199241B2B89D30E00EC7DF0 /* FirebaseCrashlytics */; };
		1199241E2B89D30E00EC7DF0 /* FirebaseDatabase in Frameworks */ = {isa = PBXBuildFile; productRef = 1199241D2B89D30E00EC7DF0 /* FirebaseDatabase */; };
		119924202B89D30E00EC7DF0 /* FirebaseDynamicLinks in Frameworks */ = {isa = PBXBuildFile; productRef = 1199241F2B89D30E00EC7DF0 /* FirebaseDynamicLinks */; };
		119924222B89D30E00EC7DF0 /* FirebaseFirestore in Frameworks */ = {isa = PBXBuildFile; productRef = 119924212B89D30E00EC7DF0 /* FirebaseFirestore */; };
		119924242B89D30E00EC7DF0 /* FirebaseFirestoreSwift in Frameworks */ = {isa = PBXBuildFile; productRef = 119924232B89D30E00EC7DF0 /* FirebaseFirestoreSwift */; };
		119924262B89D30E00EC7DF0 /* FirebaseStorage in Frameworks */ = {isa = PBXBuildFile; productRef = 119924252B89D30E00EC7DF0 /* FirebaseStorage */; };
		1199249A2B8E04A000EC7DF0 /* UIView + Extension.swift in Sources */ = {isa = PBXBuildFile; fileRef = 119924992B8E04A000EC7DF0 /* UIView + Extension.swift */; };
		1199249D2B8E0C4A00EC7DF0 /* DishViewController.swift in Sources */ = {isa = PBXBuildFile; fileRef = 1199249C2B8E0C4A00EC7DF0 /* DishViewController.swift */; };
		1199249F2B8E0C5800EC7DF0 /* DishViewModel.swift in Sources */ = {isa = PBXBuildFile; fileRef = 1199249E2B8E0C5800EC7DF0 /* DishViewModel.swift */; };
		119924A22B8E1C8C00EC7DF0 /* RxBlocking in Frameworks */ = {isa = PBXBuildFile; productRef = 119924A12B8E1C8C00EC7DF0 /* RxBlocking */; };
		119924A42B8E1C8C00EC7DF0 /* RxBlocking-Dynamic in Frameworks */ = {isa = PBXBuildFile; productRef = 119924A32B8E1C8C00EC7DF0 /* RxBlocking-Dynamic */; };
		119924A62B8E1C8D00EC7DF0 /* RxCocoa in Frameworks */ = {isa = PBXBuildFile; productRef = 119924A52B8E1C8D00EC7DF0 /* RxCocoa */; };
		119924A82B8E1C8D00EC7DF0 /* RxCocoa-Dynamic in Frameworks */ = {isa = PBXBuildFile; productRef = 119924A72B8E1C8D00EC7DF0 /* RxCocoa-Dynamic */; };
		119924AA2B8E1C8D00EC7DF0 /* RxRelay in Frameworks */ = {isa = PBXBuildFile; productRef = 119924A92B8E1C8D00EC7DF0 /* RxRelay */; };
		119924AC2B8E1C8D00EC7DF0 /* RxRelay-Dynamic in Frameworks */ = {isa = PBXBuildFile; productRef = 119924AB2B8E1C8D00EC7DF0 /* RxRelay-Dynamic */; };
		119924AE2B8E1C8D00EC7DF0 /* RxSwift in Frameworks */ = {isa = PBXBuildFile; productRef = 119924AD2B8E1C8D00EC7DF0 /* RxSwift */; };
		11CB39612BC1A19700B0E8BB /* Localizable.xcstrings in Resources */ = {isa = PBXBuildFile; fileRef = 11CB39602BC1A19700B0E8BB /* Localizable.xcstrings */; };
/* End PBXBuildFile section */

/* Begin PBXFileReference section */
		1162BA812B7AA4E300CBFD68 /* GrillTimer_Swift-CodeUI.app */ = {isa = PBXFileReference; explicitFileType = wrapper.application; includeInIndex = 0; path = "GrillTimer_Swift-CodeUI.app"; sourceTree = BUILT_PRODUCTS_DIR; };
		1162BA842B7AA4E300CBFD68 /* AppDelegate.swift */ = {isa = PBXFileReference; lastKnownFileType = sourcecode.swift; name = AppDelegate.swift; path = ../AppDelegate.swift; sourceTree = "<group>"; };
		1162BA862B7AA4E300CBFD68 /* SceneDelegate.swift */ = {isa = PBXFileReference; lastKnownFileType = sourcecode.swift; name = SceneDelegate.swift; path = ../SceneDelegate.swift; sourceTree = "<group>"; };
		1162BA8E2B7AA4E300CBFD68 /* GrillTimer_Swift_CodeUI.xcdatamodel */ = {isa = PBXFileReference; lastKnownFileType = wrapper.xcdatamodel; path = GrillTimer_Swift_CodeUI.xcdatamodel; sourceTree = "<group>"; };
		1162BA902B7AA4E500CBFD68 /* Assets.xcassets */ = {isa = PBXFileReference; lastKnownFileType = folder.assetcatalog; path = Assets.xcassets; sourceTree = "<group>"; };
		1162BA932B7AA4E500CBFD68 /* Base */ = {isa = PBXFileReference; lastKnownFileType = file.storyboard; name = Base; path = Base.lproj/LaunchScreen.storyboard; sourceTree = "<group>"; };
		1162BA952B7AA4E500CBFD68 /* Info.plist */ = {isa = PBXFileReference; lastKnownFileType = text.plist.xml; path = Info.plist; sourceTree = "<group>"; };
		1162BAC22B7CF39C00CBFD68 /* RootCoordinator.swift */ = {isa = PBXFileReference; lastKnownFileType = sourcecode.swift; path = RootCoordinator.swift; sourceTree = "<group>"; };
		1162BAC52B7CF44F00CBFD68 /* DishesViewController.swift */ = {isa = PBXFileReference; lastKnownFileType = sourcecode.swift; path = DishesViewController.swift; sourceTree = "<group>"; };
		1162BAC72B7CF45E00CBFD68 /* DishesViewModel.swift */ = {isa = PBXFileReference; lastKnownFileType = sourcecode.swift; path = DishesViewModel.swift; sourceTree = "<group>"; };
		1162BAE92B7E600E00CBFD68 /* Dish.swift */ = {isa = PBXFileReference; lastKnownFileType = sourcecode.swift; path = Dish.swift; sourceTree = "<group>"; };
		1162BAEC2B7E60B200CBFD68 /* FirebaseManager.swift */ = {isa = PBXFileReference; lastKnownFileType = sourcecode.swift; path = FirebaseManager.swift; sourceTree = "<group>"; };
		117E8FD62BC1442000D3AF7B /* GoogleService-Info.plist */ = {isa = PBXFileReference; fileEncoding = 4; lastKnownFileType = text.plist.xml; path = "GoogleService-Info.plist"; sourceTree = "<group>"; };
		117E8FE02BC1472800D3AF7B /* DishCoordinator.swift */ = {isa = PBXFileReference; lastKnownFileType = sourcecode.swift; path = DishCoordinator.swift; sourceTree = "<group>"; };
		117E8FE82BC14E3D00D3AF7B /* TabBarItem.swift */ = {isa = PBXFileReference; fileEncoding = 4; lastKnownFileType = sourcecode.swift; path = TabBarItem.swift; sourceTree = "<group>"; };
		117E8FEA2BC1553900D3AF7B /* Manrope-SemiBold.ttf */ = {isa = PBXFileReference; lastKnownFileType = file; path = "Manrope-SemiBold.ttf"; sourceTree = "<group>"; };
		117E8FEB2BC1553B00D3AF7B /* Manrope-ExtraBold.ttf */ = {isa = PBXFileReference; lastKnownFileType = file; path = "Manrope-ExtraBold.ttf"; sourceTree = "<group>"; };
		117E8FEC2BC1553B00D3AF7B /* Manrope-Light.ttf */ = {isa = PBXFileReference; lastKnownFileType = file; path = "Manrope-Light.ttf"; sourceTree = "<group>"; };
		117E8FED2BC1553B00D3AF7B /* Manrope-Regular.ttf */ = {isa = PBXFileReference; lastKnownFileType = file; path = "Manrope-Regular.ttf"; sourceTree = "<group>"; };
		117E8FEE2BC1553B00D3AF7B /* Manrope-ExtraLight.ttf */ = {isa = PBXFileReference; lastKnownFileType = file; path = "Manrope-ExtraLight.ttf"; sourceTree = "<group>"; };
		117E8FEF2BC1553B00D3AF7B /* Manrope-Medium.ttf */ = {isa = PBXFileReference; lastKnownFileType = file; path = "Manrope-Medium.ttf"; sourceTree = "<group>"; };
		117E8FF02BC1553B00D3AF7B /* Manrope-Bold.ttf */ = {isa = PBXFileReference; lastKnownFileType = file; path = "Manrope-Bold.ttf"; sourceTree = "<group>"; };
		117E8FF82BC1555000D3AF7B /* UIFont + Extension.swift */ = {isa = PBXFileReference; fileEncoding = 4; lastKnownFileType = sourcecode.swift; path = "UIFont + Extension.swift"; sourceTree = "<group>"; };
		117E8FFA2BC16BA500D3AF7B /* DishesCompositionalLayout.swift */ = {isa = PBXFileReference; lastKnownFileType = sourcecode.swift; path = DishesCompositionalLayout.swift; sourceTree = "<group>"; };
		117E8FFC2BC17D4500D3AF7B /* DishHeaderView.swift */ = {isa = PBXFileReference; lastKnownFileType = sourcecode.swift; path = DishHeaderView.swift; sourceTree = "<group>"; };
		117E8FFE2BC184DF00D3AF7B /* DishesCollectionCell.swift */ = {isa = PBXFileReference; lastKnownFileType = sourcecode.swift; path = DishesCollectionCell.swift; sourceTree = "<group>"; };
		119924992B8E04A000EC7DF0 /* UIView + Extension.swift */ = {isa = PBXFileReference; lastKnownFileType = sourcecode.swift; path = "UIView + Extension.swift"; sourceTree = "<group>"; };
		1199249C2B8E0C4A00EC7DF0 /* DishViewController.swift */ = {isa = PBXFileReference; lastKnownFileType = sourcecode.swift; path = DishViewController.swift; sourceTree = "<group>"; };
		1199249E2B8E0C5800EC7DF0 /* DishViewModel.swift */ = {isa = PBXFileReference; lastKnownFileType = sourcecode.swift; path = DishViewModel.swift; sourceTree = "<group>"; };
		11CB39602BC1A19700B0E8BB /* Localizable.xcstrings */ = {isa = PBXFileReference; lastKnownFileType = text.json.xcstrings; path = Localizable.xcstrings; sourceTree = "<group>"; };
/* End PBXFileReference section */

/* Begin PBXFrameworksBuildPhase section */
		1162BA7E2B7AA4E300CBFD68 /* Frameworks */ = {
			isa = PBXFrameworksBuildPhase;
			buildActionMask = 2147483647;
			files = (
				119924AE2B8E1C8D00EC7DF0 /* RxSwift in Frameworks */,
				119924242B89D30E00EC7DF0 /* FirebaseFirestoreSwift in Frameworks */,
				119924A82B8E1C8D00EC7DF0 /* RxCocoa-Dynamic in Frameworks */,
				119924A22B8E1C8C00EC7DF0 /* RxBlocking in Frameworks */,
				1162BACD2B7CF8F900CBFD68 /* SnapKit in Frameworks */,
				119924222B89D30E00EC7DF0 /* FirebaseFirestore in Frameworks */,
				1162BACF2B7CF8F900CBFD68 /* SnapKit-Dynamic in Frameworks */,
				1199241A2B89D30E00EC7DF0 /* FirebaseAuthCombine-Community in Frameworks */,
				119924182B89D30E00EC7DF0 /* FirebaseAuth in Frameworks */,
				119924A42B8E1C8C00EC7DF0 /* RxBlocking-Dynamic in Frameworks */,
				119924AC2B8E1C8D00EC7DF0 /* RxRelay-Dynamic in Frameworks */,
				119924262B89D30E00EC7DF0 /* FirebaseStorage in Frameworks */,
				1199241C2B89D30E00EC7DF0 /* FirebaseCrashlytics in Frameworks */,
				119924A62B8E1C8D00EC7DF0 /* RxCocoa in Frameworks */,
				119924162B89D30E00EC7DF0 /* FirebaseAnalytics in Frameworks */,
				1199241E2B89D30E00EC7DF0 /* FirebaseDatabase in Frameworks */,
				119924AA2B8E1C8D00EC7DF0 /* RxRelay in Frameworks */,
				119924202B89D30E00EC7DF0 /* FirebaseDynamicLinks in Frameworks */,
			);
			runOnlyForDeploymentPostprocessing = 0;
		};
/* End PBXFrameworksBuildPhase section */

/* Begin PBXGroup section */
		1162BA782B7AA4E300CBFD68 = {
			isa = PBXGroup;
			children = (
				1162BA832B7AA4E300CBFD68 /* GrillTimer_Swift-CodeUI */,
				1162BA822B7AA4E300CBFD68 /* Products */,
			);
			sourceTree = "<group>";
		};
		1162BA822B7AA4E300CBFD68 /* Products */ = {
			isa = PBXGroup;
			children = (
				1162BA812B7AA4E300CBFD68 /* GrillTimer_Swift-CodeUI.app */,
			);
			name = Products;
			sourceTree = "<group>";
		};
		1162BA832B7AA4E300CBFD68 /* GrillTimer_Swift-CodeUI */ = {
			isa = PBXGroup;
			children = (
				117E8FD92BC144F600D3AF7B /* Application */,
				11CB39602BC1A19700B0E8BB /* Localizable.xcstrings */,
				1162BA902B7AA4E500CBFD68 /* Assets.xcassets */,
				1162BA922B7AA4E500CBFD68 /* LaunchScreen.storyboard */,
				1162BA952B7AA4E500CBFD68 /* Info.plist */,
				117E8FD62BC1442000D3AF7B /* GoogleService-Info.plist */,
				1162BA8D2B7AA4E300CBFD68 /* GrillTimer_Swift_CodeUI.xcdatamodeld */,
			);
			path = "GrillTimer_Swift-CodeUI";
			sourceTree = "<group>";
		};
		1162BAC42B7CF43A00CBFD68 /* Modules */ = {
			isa = PBXGroup;
			children = (
				11719C7F2BA370500013349B /* Dishes */,
				1199249B2B8E0B6C00EC7DF0 /* Dish */,
			);
			name = Modules;
			path = Helpers/Modules;
			sourceTree = "<group>";
		};
		11719C7D2BA36FAD0013349B /* Managers */ = {
			isa = PBXGroup;
			children = (
				1162BAEC2B7E60B200CBFD68 /* FirebaseManager.swift */,
			);
			path = Managers;
			sourceTree = "<group>";
		};
		11719C7E2BA3701C0013349B /* Coordinators */ = {
			isa = PBXGroup;
			children = (
				1162BAC22B7CF39C00CBFD68 /* RootCoordinator.swift */,
				117E8FE02BC1472800D3AF7B /* DishCoordinator.swift */,
			);
			path = Coordinators;
			sourceTree = "<group>";
		};
		11719C7F2BA370500013349B /* Dishes */ = {
			isa = PBXGroup;
			children = (
				1162BAC52B7CF44F00CBFD68 /* DishesViewController.swift */,
				1162BAC72B7CF45E00CBFD68 /* DishesViewModel.swift */,
				117E8FFE2BC184DF00D3AF7B /* DishesCollectionCell.swift */,
				117E8FFC2BC17D4500D3AF7B /* DishHeaderView.swift */,
				117E8FFA2BC16BA500D3AF7B /* DishesCompositionalLayout.swift */,
			);
			path = Dishes;
			sourceTree = "<group>";
		};
		117E8FD92BC144F600D3AF7B /* Application */ = {
			isa = PBXGroup;
			children = (
				1162BA842B7AA4E300CBFD68 /* AppDelegate.swift */,
				1162BA862B7AA4E300CBFD68 /* SceneDelegate.swift */,
				11719C7E2BA3701C0013349B /* Coordinators */,
				11719C7D2BA36FAD0013349B /* Managers */,
				117E8FDA2BC1451400D3AF7B /* Helpers */,
				1162BAC42B7CF43A00CBFD68 /* Modules */,
			);
			path = Application;
			sourceTree = "<group>";
		};
		117E8FDA2BC1451400D3AF7B /* Helpers */ = {
			isa = PBXGroup;
			children = (
				117E8FDB2BC1452B00D3AF7B /* Views */,
				117E8FDC2BC1453600D3AF7B /* Models */,
				119924962B8E03EE00EC7DF0 /* Extension */,
				117E8FDD2BC1454C00D3AF7B /* Fonts */,
			);
			path = Helpers;
			sourceTree = "<group>";
		};
		117E8FDB2BC1452B00D3AF7B /* Views */ = {
			isa = PBXGroup;
			children = (
				117E8FE72BC14E3500D3AF7B /* TabBar */,
			);
			path = Views;
			sourceTree = "<group>";
		};
		117E8FDC2BC1453600D3AF7B /* Models */ = {
			isa = PBXGroup;
			children = (
				1162BAE92B7E600E00CBFD68 /* Dish.swift */,
			);
			path = Models;
			sourceTree = "<group>";
		};
		117E8FDD2BC1454C00D3AF7B /* Fonts */ = {
			isa = PBXGroup;
			children = (
				117E8FF02BC1553B00D3AF7B /* Manrope-Bold.ttf */,
				117E8FEB2BC1553B00D3AF7B /* Manrope-ExtraBold.ttf */,
				117E8FEE2BC1553B00D3AF7B /* Manrope-ExtraLight.ttf */,
				117E8FEC2BC1553B00D3AF7B /* Manrope-Light.ttf */,
				117E8FEF2BC1553B00D3AF7B /* Manrope-Medium.ttf */,
				117E8FED2BC1553B00D3AF7B /* Manrope-Regular.ttf */,
				117E8FEA2BC1553900D3AF7B /* Manrope-SemiBold.ttf */,
			);
			path = Fonts;
			sourceTree = "<group>";
		};
		117E8FE72BC14E3500D3AF7B /* TabBar */ = {
			isa = PBXGroup;
			children = (
				117E8FE82BC14E3D00D3AF7B /* TabBarItem.swift */,
			);
			path = TabBar;
			sourceTree = "<group>";
		};
		119924962B8E03EE00EC7DF0 /* Extension */ = {
			isa = PBXGroup;
			children = (
				119924992B8E04A000EC7DF0 /* UIView + Extension.swift */,
				117E8FF82BC1555000D3AF7B /* UIFont + Extension.swift */,
			);
			path = Extension;
			sourceTree = "<group>";
		};
		1199249B2B8E0B6C00EC7DF0 /* Dish */ = {
			isa = PBXGroup;
			children = (
				1199249C2B8E0C4A00EC7DF0 /* DishViewController.swift */,
				1199249E2B8E0C5800EC7DF0 /* DishViewModel.swift */,
			);
			path = Dish;
			sourceTree = "<group>";
		};
/* End PBXGroup section */

/* Begin PBXNativeTarget section */
		1162BA802B7AA4E300CBFD68 /* GrillTimer_Swift-CodeUI */ = {
			isa = PBXNativeTarget;
			buildConfigurationList = 1162BA982B7AA4E500CBFD68 /* Build configuration list for PBXNativeTarget "GrillTimer_Swift-CodeUI" */;
			buildPhases = (
				1162BA7D2B7AA4E300CBFD68 /* Sources */,
				1162BA7E2B7AA4E300CBFD68 /* Frameworks */,
				1162BA7F2B7AA4E300CBFD68 /* Resources */,
			);
			buildRules = (
			);
			dependencies = (
			);
			name = "GrillTimer_Swift-CodeUI";
			packageProductDependencies = (
				1162BACC2B7CF8F900CBFD68 /* SnapKit */,
				1162BACE2B7CF8F900CBFD68 /* SnapKit-Dynamic */,
				119924152B89D30E00EC7DF0 /* FirebaseAnalytics */,
				119924172B89D30E00EC7DF0 /* FirebaseAuth */,
				119924192B89D30E00EC7DF0 /* FirebaseAuthCombine-Community */,
				1199241B2B89D30E00EC7DF0 /* FirebaseCrashlytics */,
				1199241D2B89D30E00EC7DF0 /* FirebaseDatabase */,
				1199241F2B89D30E00EC7DF0 /* FirebaseDynamicLinks */,
				119924212B89D30E00EC7DF0 /* FirebaseFirestore */,
				119924232B89D30E00EC7DF0 /* FirebaseFirestoreSwift */,
				119924252B89D30E00EC7DF0 /* FirebaseStorage */,
				119924A12B8E1C8C00EC7DF0 /* RxBlocking */,
				119924A32B8E1C8C00EC7DF0 /* RxBlocking-Dynamic */,
				119924A52B8E1C8D00EC7DF0 /* RxCocoa */,
				119924A72B8E1C8D00EC7DF0 /* RxCocoa-Dynamic */,
				119924A92B8E1C8D00EC7DF0 /* RxRelay */,
				119924AB2B8E1C8D00EC7DF0 /* RxRelay-Dynamic */,
				119924AD2B8E1C8D00EC7DF0 /* RxSwift */,
			);
			productName = "GrillTimer_Swift-CodeUI";
			productReference = 1162BA812B7AA4E300CBFD68 /* GrillTimer_Swift-CodeUI.app */;
			productType = "com.apple.product-type.application";
		};
/* End PBXNativeTarget section */

/* Begin PBXProject section */
		1162BA792B7AA4E300CBFD68 /* Project object */ = {
			isa = PBXProject;
			attributes = {
				BuildIndependentTargetsInParallel = 1;
				LastSwiftUpdateCheck = 1500;
				LastUpgradeCheck = 1500;
				TargetAttributes = {
					1162BA802B7AA4E300CBFD68 = {
						CreatedOnToolsVersion = 15.0;
					};
				};
			};
			buildConfigurationList = 1162BA7C2B7AA4E300CBFD68 /* Build configuration list for PBXProject "GrillTimer_Swift-CodeUI" */;
			compatibilityVersion = "Xcode 14.0";
			developmentRegion = en;
			hasScannedForEncodings = 0;
			knownRegions = (
				en,
				Base,
				ru,
			);
			mainGroup = 1162BA782B7AA4E300CBFD68;
			packageReferences = (
				1162BACB2B7CF8F900CBFD68 /* XCRemoteSwiftPackageReference "SnapKit" */,
				1162BAD42B7E5DD200CBFD68 /* XCRemoteSwiftPackageReference "RxSwift" */,
				119924032B89D28300EC7DF0 /* XCRemoteSwiftPackageReference "RxSwift" */,
				119924142B89D30E00EC7DF0 /* XCRemoteSwiftPackageReference "firebase-ios-sdk" */,
				119924A02B8E1C8C00EC7DF0 /* XCRemoteSwiftPackageReference "RxSwift" */,
			);
			productRefGroup = 1162BA822B7AA4E300CBFD68 /* Products */;
			projectDirPath = "";
			projectRoot = "";
			targets = (
				1162BA802B7AA4E300CBFD68 /* GrillTimer_Swift-CodeUI */,
			);
		};
/* End PBXProject section */

/* Begin PBXResourcesBuildPhase section */
		1162BA7F2B7AA4E300CBFD68 /* Resources */ = {
			isa = PBXResourcesBuildPhase;
			buildActionMask = 2147483647;
			files = (
				117E8FF22BC1553B00D3AF7B /* Manrope-ExtraBold.ttf in Resources */,
				1162BA942B7AA4E500CBFD68 /* LaunchScreen.storyboard in Resources */,
				1162BA912B7AA4E500CBFD68 /* Assets.xcassets in Resources */,
				117E8FF12BC1553B00D3AF7B /* Manrope-SemiBold.ttf in Resources */,
				117E8FF32BC1553B00D3AF7B /* Manrope-Light.ttf in Resources */,
				11CB39612BC1A19700B0E8BB /* Localizable.xcstrings in Resources */,
				117E8FF52BC1553B00D3AF7B /* Manrope-ExtraLight.ttf in Resources */,
				117E8FF72BC1553B00D3AF7B /* Manrope-Bold.ttf in Resources */,
				117E8FF62BC1553B00D3AF7B /* Manrope-Medium.ttf in Resources */,
				117E8FD72BC1442000D3AF7B /* GoogleService-Info.plist in Resources */,
				117E8FF42BC1553B00D3AF7B /* Manrope-Regular.ttf in Resources */,
			);
			runOnlyForDeploymentPostprocessing = 0;
		};
/* End PBXResourcesBuildPhase section */

/* Begin PBXSourcesBuildPhase section */
		1162BA7D2B7AA4E300CBFD68 /* Sources */ = {
			isa = PBXSourcesBuildPhase;
			buildActionMask = 2147483647;
			files = (
				117E8FF92BC1555000D3AF7B /* UIFont + Extension.swift in Sources */,
				1199249A2B8E04A000EC7DF0 /* UIView + Extension.swift in Sources */,
				1162BAC32B7CF39C00CBFD68 /* RootCoordinator.swift in Sources */,
				1162BAC82B7CF45E00CBFD68 /* DishesViewModel.swift in Sources */,
				1199249D2B8E0C4A00EC7DF0 /* DishViewController.swift in Sources */,
				117E8FFD2BC17D4500D3AF7B /* DishHeaderView.swift in Sources */,
				117E8FE92BC14E3D00D3AF7B /* TabBarItem.swift in Sources */,
				1162BA852B7AA4E300CBFD68 /* AppDelegate.swift in Sources */,
				1199249F2B8E0C5800EC7DF0 /* DishViewModel.swift in Sources */,
				117E8FFB2BC16BA500D3AF7B /* DishesCompositionalLayout.swift in Sources */,
				1162BA872B7AA4E300CBFD68 /* SceneDelegate.swift in Sources */,
				1162BAEA2B7E600E00CBFD68 /* Dish.swift in Sources */,
				1162BAC62B7CF44F00CBFD68 /* DishesViewController.swift in Sources */,
				117E8FE12BC1472800D3AF7B /* DishCoordinator.swift in Sources */,
				117E8FFF2BC184DF00D3AF7B /* DishesCollectionCell.swift in Sources */,
				1162BA8F2B7AA4E300CBFD68 /* GrillTimer_Swift_CodeUI.xcdatamodeld in Sources */,
				1162BAED2B7E60B200CBFD68 /* FirebaseManager.swift in Sources */,
			);
			runOnlyForDeploymentPostprocessing = 0;
		};
/* End PBXSourcesBuildPhase section */

/* Begin PBXVariantGroup section */
		1162BA922B7AA4E500CBFD68 /* LaunchScreen.storyboard */ = {
			isa = PBXVariantGroup;
			children = (
				1162BA932B7AA4E500CBFD68 /* Base */,
			);
			name = LaunchScreen.storyboard;
			sourceTree = "<group>";
		};
/* End PBXVariantGroup section */

/* Begin XCBuildConfiguration section */
		1162BA962B7AA4E500CBFD68 /* Debug */ = {
			isa = XCBuildConfiguration;
			buildSettings = {
				ALWAYS_SEARCH_USER_PATHS = NO;
				ASSETCATALOG_COMPILER_GENERATE_SWIFT_ASSET_SYMBOL_EXTENSIONS = YES;
				CLANG_ANALYZER_LOCALIZABILITY_NONLOCALIZED = YES;
				CLANG_ANALYZER_NONNULL = YES;
				CLANG_ANALYZER_NUMBER_OBJECT_CONVERSION = YES_AGGRESSIVE;
				CLANG_CXX_LANGUAGE_STANDARD = "gnu++20";
				CLANG_ENABLE_MODULES = YES;
				CLANG_ENABLE_OBJC_ARC = YES;
				CLANG_ENABLE_OBJC_WEAK = YES;
				CLANG_WARN_BLOCK_CAPTURE_AUTORELEASING = YES;
				CLANG_WARN_BOOL_CONVERSION = YES;
				CLANG_WARN_COMMA = YES;
				CLANG_WARN_CONSTANT_CONVERSION = YES;
				CLANG_WARN_DEPRECATED_OBJC_IMPLEMENTATIONS = YES;
				CLANG_WARN_DIRECT_OBJC_ISA_USAGE = YES_ERROR;
				CLANG_WARN_DOCUMENTATION_COMMENTS = YES;
				CLANG_WARN_EMPTY_BODY = YES;
				CLANG_WARN_ENUM_CONVERSION = YES;
				CLANG_WARN_INFINITE_RECURSION = YES;
				CLANG_WARN_INT_CONVERSION = YES;
				CLANG_WARN_NON_LITERAL_NULL_CONVERSION = YES;
				CLANG_WARN_OBJC_IMPLICIT_RETAIN_SELF = YES;
				CLANG_WARN_OBJC_LITERAL_CONVERSION = YES;
				CLANG_WARN_OBJC_ROOT_CLASS = YES_ERROR;
				CLANG_WARN_QUOTED_INCLUDE_IN_FRAMEWORK_HEADER = YES;
				CLANG_WARN_RANGE_LOOP_ANALYSIS = YES;
				CLANG_WARN_STRICT_PROTOTYPES = YES;
				CLANG_WARN_SUSPICIOUS_MOVE = YES;
				CLANG_WARN_UNGUARDED_AVAILABILITY = YES_AGGRESSIVE;
				CLANG_WARN_UNREACHABLE_CODE = YES;
				CLANG_WARN__DUPLICATE_METHOD_MATCH = YES;
				COPY_PHASE_STRIP = NO;
				DEBUG_INFORMATION_FORMAT = dwarf;
				ENABLE_STRICT_OBJC_MSGSEND = YES;
				ENABLE_TESTABILITY = YES;
				ENABLE_USER_SCRIPT_SANDBOXING = YES;
				GCC_C_LANGUAGE_STANDARD = gnu17;
				GCC_DYNAMIC_NO_PIC = NO;
				GCC_NO_COMMON_BLOCKS = YES;
				GCC_OPTIMIZATION_LEVEL = 0;
				GCC_PREPROCESSOR_DEFINITIONS = (
					"DEBUG=1",
					"$(inherited)",
				);
				GCC_WARN_64_TO_32_BIT_CONVERSION = YES;
				GCC_WARN_ABOUT_RETURN_TYPE = YES_ERROR;
				GCC_WARN_UNDECLARED_SELECTOR = YES;
				GCC_WARN_UNINITIALIZED_AUTOS = YES_AGGRESSIVE;
				GCC_WARN_UNUSED_FUNCTION = YES;
				GCC_WARN_UNUSED_VARIABLE = YES;
				IPHONEOS_DEPLOYMENT_TARGET = 17.0;
				LOCALIZATION_PREFERS_STRING_CATALOGS = YES;
				MTL_ENABLE_DEBUG_INFO = INCLUDE_SOURCE;
				MTL_FAST_MATH = YES;
				ONLY_ACTIVE_ARCH = YES;
				SDKROOT = iphoneos;
				SWIFT_ACTIVE_COMPILATION_CONDITIONS = "DEBUG $(inherited)";
				SWIFT_OPTIMIZATION_LEVEL = "-Onone";
			};
			name = Debug;
		};
		1162BA972B7AA4E500CBFD68 /* Release */ = {
			isa = XCBuildConfiguration;
			buildSettings = {
				ALWAYS_SEARCH_USER_PATHS = NO;
				ASSETCATALOG_COMPILER_GENERATE_SWIFT_ASSET_SYMBOL_EXTENSIONS = YES;
				CLANG_ANALYZER_LOCALIZABILITY_NONLOCALIZED = YES;
				CLANG_ANALYZER_NONNULL = YES;
				CLANG_ANALYZER_NUMBER_OBJECT_CONVERSION = YES_AGGRESSIVE;
				CLANG_CXX_LANGUAGE_STANDARD = "gnu++20";
				CLANG_ENABLE_MODULES = YES;
				CLANG_ENABLE_OBJC_ARC = YES;
				CLANG_ENABLE_OBJC_WEAK = YES;
				CLANG_WARN_BLOCK_CAPTURE_AUTORELEASING = YES;
				CLANG_WARN_BOOL_CONVERSION = YES;
				CLANG_WARN_COMMA = YES;
				CLANG_WARN_CONSTANT_CONVERSION = YES;
				CLANG_WARN_DEPRECATED_OBJC_IMPLEMENTATIONS = YES;
				CLANG_WARN_DIRECT_OBJC_ISA_USAGE = YES_ERROR;
				CLANG_WARN_DOCUMENTATION_COMMENTS = YES;
				CLANG_WARN_EMPTY_BODY = YES;
				CLANG_WARN_ENUM_CONVERSION = YES;
				CLANG_WARN_INFINITE_RECURSION = YES;
				CLANG_WARN_INT_CONVERSION = YES;
				CLANG_WARN_NON_LITERAL_NULL_CONVERSION = YES;
				CLANG_WARN_OBJC_IMPLICIT_RETAIN_SELF = YES;
				CLANG_WARN_OBJC_LITERAL_CONVERSION = YES;
				CLANG_WARN_OBJC_ROOT_CLASS = YES_ERROR;
				CLANG_WARN_QUOTED_INCLUDE_IN_FRAMEWORK_HEADER = YES;
				CLANG_WARN_RANGE_LOOP_ANALYSIS = YES;
				CLANG_WARN_STRICT_PROTOTYPES = YES;
				CLANG_WARN_SUSPICIOUS_MOVE = YES;
				CLANG_WARN_UNGUARDED_AVAILABILITY = YES_AGGRESSIVE;
				CLANG_WARN_UNREACHABLE_CODE = YES;
				CLANG_WARN__DUPLICATE_METHOD_MATCH = YES;
				COPY_PHASE_STRIP = NO;
				DEBUG_INFORMATION_FORMAT = "dwarf-with-dsym";
				ENABLE_NS_ASSERTIONS = NO;
				ENABLE_STRICT_OBJC_MSGSEND = YES;
				ENABLE_USER_SCRIPT_SANDBOXING = YES;
				GCC_C_LANGUAGE_STANDARD = gnu17;
				GCC_NO_COMMON_BLOCKS = YES;
				GCC_WARN_64_TO_32_BIT_CONVERSION = YES;
				GCC_WARN_ABOUT_RETURN_TYPE = YES_ERROR;
				GCC_WARN_UNDECLARED_SELECTOR = YES;
				GCC_WARN_UNINITIALIZED_AUTOS = YES_AGGRESSIVE;
				GCC_WARN_UNUSED_FUNCTION = YES;
				GCC_WARN_UNUSED_VARIABLE = YES;
				IPHONEOS_DEPLOYMENT_TARGET = 17.0;
				LOCALIZATION_PREFERS_STRING_CATALOGS = YES;
				MTL_ENABLE_DEBUG_INFO = NO;
				MTL_FAST_MATH = YES;
				SDKROOT = iphoneos;
				SWIFT_COMPILATION_MODE = wholemodule;
				VALIDATE_PRODUCT = YES;
			};
			name = Release;
		};
		1162BA992B7AA4E500CBFD68 /* Debug */ = {
			isa = XCBuildConfiguration;
			buildSettings = {
				ASSETCATALOG_COMPILER_APPICON_NAME = AppIcon;
				ASSETCATALOG_COMPILER_GLOBAL_ACCENT_COLOR_NAME = AccentColor;
				CODE_SIGN_STYLE = Automatic;
				CURRENT_PROJECT_VERSION = 1;
				DEVELOPMENT_TEAM = 257JQPZXSC;
				GENERATE_INFOPLIST_FILE = YES;
				INFOPLIST_FILE = "GrillTimer_Swift-CodeUI/Info.plist";
				INFOPLIST_KEY_UIApplicationSupportsIndirectInputEvents = YES;
				INFOPLIST_KEY_UILaunchStoryboardName = LaunchScreen;
				INFOPLIST_KEY_UISupportedInterfaceOrientations_iPad = "UIInterfaceOrientationPortrait UIInterfaceOrientationPortraitUpsideDown UIInterfaceOrientationLandscapeLeft UIInterfaceOrientationLandscapeRight";
				INFOPLIST_KEY_UISupportedInterfaceOrientations_iPhone = "UIInterfaceOrientationPortrait UIInterfaceOrientationLandscapeLeft UIInterfaceOrientationLandscapeRight";
				IPHONEOS_DEPLOYMENT_TARGET = 15.0;
				LD_RUNPATH_SEARCH_PATHS = (
					"$(inherited)",
					"@executable_path/Frameworks",
				);
				MARKETING_VERSION = 1.0;
				PRODUCT_BUNDLE_IDENTIFIER = "PulatovAleksandr.GrillTimer-Swift-CodeUI";
				PRODUCT_NAME = "$(TARGET_NAME)";
				SUPPORTED_PLATFORMS = "iphoneos iphonesimulator";
				SUPPORTS_MACCATALYST = NO;
				SUPPORTS_XR_DESIGNED_FOR_IPHONE_IPAD = NO;
				SWIFT_EMIT_LOC_STRINGS = YES;
				SWIFT_VERSION = 5.0;
				TARGETED_DEVICE_FAMILY = 1;
			};
			name = Debug;
		};
		1162BA9A2B7AA4E500CBFD68 /* Release */ = {
			isa = XCBuildConfiguration;
			buildSettings = {
				ASSETCATALOG_COMPILER_APPICON_NAME = AppIcon;
				ASSETCATALOG_COMPILER_GLOBAL_ACCENT_COLOR_NAME = AccentColor;
				CODE_SIGN_STYLE = Automatic;
				CURRENT_PROJECT_VERSION = 1;
				DEVELOPMENT_TEAM = 257JQPZXSC;
				GENERATE_INFOPLIST_FILE = YES;
				INFOPLIST_FILE = "GrillTimer_Swift-CodeUI/Info.plist";
				INFOPLIST_KEY_UIApplicationSupportsIndirectInputEvents = YES;
				INFOPLIST_KEY_UILaunchStoryboardName = LaunchScreen;
				INFOPLIST_KEY_UISupportedInterfaceOrientations_iPad = "UIInterfaceOrientationPortrait UIInterfaceOrientationPortraitUpsideDown UIInterfaceOrientationLandscapeLeft UIInterfaceOrientationLandscapeRight";
				INFOPLIST_KEY_UISupportedInterfaceOrientations_iPhone = "UIInterfaceOrientationPortrait UIInterfaceOrientationLandscapeLeft UIInterfaceOrientationLandscapeRight";
				IPHONEOS_DEPLOYMENT_TARGET = 15.0;
				LD_RUNPATH_SEARCH_PATHS = (
					"$(inherited)",
					"@executable_path/Frameworks",
				);
				MARKETING_VERSION = 1.0;
				PRODUCT_BUNDLE_IDENTIFIER = "PulatovAleksandr.GrillTimer-Swift-CodeUI";
				PRODUCT_NAME = "$(TARGET_NAME)";
				SUPPORTED_PLATFORMS = "iphoneos iphonesimulator";
				SUPPORTS_MACCATALYST = NO;
				SUPPORTS_XR_DESIGNED_FOR_IPHONE_IPAD = NO;
				SWIFT_EMIT_LOC_STRINGS = YES;
				SWIFT_VERSION = 5.0;
				TARGETED_DEVICE_FAMILY = 1;
			};
			name = Release;
		};
/* End XCBuildConfiguration section */

/* Begin XCConfigurationList section */
		1162BA7C2B7AA4E300CBFD68 /* Build configuration list for PBXProject "GrillTimer_Swift-CodeUI" */ = {
			isa = XCConfigurationList;
			buildConfigurations = (
				1162BA962B7AA4E500CBFD68 /* Debug */,
				1162BA972B7AA4E500CBFD68 /* Release */,
			);
			defaultConfigurationIsVisible = 0;
			defaultConfigurationName = Release;
		};
		1162BA982B7AA4E500CBFD68 /* Build configuration list for PBXNativeTarget "GrillTimer_Swift-CodeUI" */ = {
			isa = XCConfigurationList;
			buildConfigurations = (
				1162BA992B7AA4E500CBFD68 /* Debug */,
				1162BA9A2B7AA4E500CBFD68 /* Release */,
			);
			defaultConfigurationIsVisible = 0;
			defaultConfigurationName = Release;
		};
/* End XCConfigurationList section */

/* Begin XCRemoteSwiftPackageReference section */
		1162BACB2B7CF8F900CBFD68 /* XCRemoteSwiftPackageReference "SnapKit" */ = {
			isa = XCRemoteSwiftPackageReference;
			repositoryURL = "https://github.com/SnapKit/SnapKit.git";
			requirement = {
				kind = upToNextMajorVersion;
				minimumVersion = 5.7.0;
			};
		};
		1162BAD42B7E5DD200CBFD68 /* XCRemoteSwiftPackageReference "RxSwift" */ = {
			isa = XCRemoteSwiftPackageReference;
			repositoryURL = "https://github.com/ReactiveX/RxSwift.git";
			requirement = {
				kind = upToNextMajorVersion;
				minimumVersion = 6.6.0;
			};
		};
		119924032B89D28300EC7DF0 /* XCRemoteSwiftPackageReference "RxSwift" */ = {
			isa = XCRemoteSwiftPackageReference;
			repositoryURL = "https://github.com/ReactiveX/RxSwift.git";
			requirement = {
				kind = upToNextMajorVersion;
				minimumVersion = 6.6.0;
			};
		};
		119924142B89D30E00EC7DF0 /* XCRemoteSwiftPackageReference "firebase-ios-sdk" */ = {
			isa = XCRemoteSwiftPackageReference;
			repositoryURL = "https://github.com/firebase/firebase-ios-sdk";
			requirement = {
				kind = upToNextMajorVersion;
				minimumVersion = 10.21.0;
			};
		};
		119924A02B8E1C8C00EC7DF0 /* XCRemoteSwiftPackageReference "RxSwift" */ = {
			isa = XCRemoteSwiftPackageReference;
			repositoryURL = "https://github.com/ReactiveX/RxSwift.git";
			requirement = {
				kind = upToNextMajorVersion;
				minimumVersion = 6.6.0;
			};
		};
/* End XCRemoteSwiftPackageReference section */

/* Begin XCSwiftPackageProductDependency section */
		1162BACC2B7CF8F900CBFD68 /* SnapKit */ = {
			isa = XCSwiftPackageProductDependency;
			package = 1162BACB2B7CF8F900CBFD68 /* XCRemoteSwiftPackageReference "SnapKit" */;
			productName = SnapKit;
		};
		1162BACE2B7CF8F900CBFD68 /* SnapKit-Dynamic */ = {
			isa = XCSwiftPackageProductDependency;
			package = 1162BACB2B7CF8F900CBFD68 /* XCRemoteSwiftPackageReference "SnapKit" */;
			productName = "SnapKit-Dynamic";
		};
		119924152B89D30E00EC7DF0 /* FirebaseAnalytics */ = {
			isa = XCSwiftPackageProductDependency;
			package = 119924142B89D30E00EC7DF0 /* XCRemoteSwiftPackageReference "firebase-ios-sdk" */;
			productName = FirebaseAnalytics;
		};
		119924172B89D30E00EC7DF0 /* FirebaseAuth */ = {
			isa = XCSwiftPackageProductDependency;
			package = 119924142B89D30E00EC7DF0 /* XCRemoteSwiftPackageReference "firebase-ios-sdk" */;
			productName = FirebaseAuth;
		};
		119924192B89D30E00EC7DF0 /* FirebaseAuthCombine-Community */ = {
			isa = XCSwiftPackageProductDependency;
			package = 119924142B89D30E00EC7DF0 /* XCRemoteSwiftPackageReference "firebase-ios-sdk" */;
			productName = "FirebaseAuthCombine-Community";
		};
		1199241B2B89D30E00EC7DF0 /* FirebaseCrashlytics */ = {
			isa = XCSwiftPackageProductDependency;
			package = 119924142B89D30E00EC7DF0 /* XCRemoteSwiftPackageReference "firebase-ios-sdk" */;
			productName = FirebaseCrashlytics;
		};
		1199241D2B89D30E00EC7DF0 /* FirebaseDatabase */ = {
			isa = XCSwiftPackageProductDependency;
			package = 119924142B89D30E00EC7DF0 /* XCRemoteSwiftPackageReference "firebase-ios-sdk" */;
			productName = FirebaseDatabase;
		};
		1199241F2B89D30E00EC7DF0 /* FirebaseDynamicLinks */ = {
			isa = XCSwiftPackageProductDependency;
			package = 119924142B89D30E00EC7DF0 /* XCRemoteSwiftPackageReference "firebase-ios-sdk" */;
			productName = FirebaseDynamicLinks;
		};
		119924212B89D30E00EC7DF0 /* FirebaseFirestore */ = {
			isa = XCSwiftPackageProductDependency;
			package = 119924142B89D30E00EC7DF0 /* XCRemoteSwiftPackageReference "firebase-ios-sdk" */;
			productName = FirebaseFirestore;
		};
		119924232B89D30E00EC7DF0 /* FirebaseFirestoreSwift */ = {
			isa = XCSwiftPackageProductDependency;
			package = 119924142B89D30E00EC7DF0 /* XCRemoteSwiftPackageReference "firebase-ios-sdk" */;
			productName = FirebaseFirestoreSwift;
		};
		119924252B89D30E00EC7DF0 /* FirebaseStorage */ = {
			isa = XCSwiftPackageProductDependency;
			package = 119924142B89D30E00EC7DF0 /* XCRemoteSwiftPackageReference "firebase-ios-sdk" */;
			productName = FirebaseStorage;
		};
		119924A12B8E1C8C00EC7DF0 /* RxBlocking */ = {
			isa = XCSwiftPackageProductDependency;
			package = 1162BAD42B7E5DD200CBFD68 /* XCRemoteSwiftPackageReference "RxSwift" */;
			productName = RxBlocking;
		};
		119924A32B8E1C8C00EC7DF0 /* RxBlocking-Dynamic */ = {
			isa = XCSwiftPackageProductDependency;
			package = 1162BAD42B7E5DD200CBFD68 /* XCRemoteSwiftPackageReference "RxSwift" */;
			productName = "RxBlocking-Dynamic";
		};
		119924A52B8E1C8D00EC7DF0 /* RxCocoa */ = {
			isa = XCSwiftPackageProductDependency;
			package = 1162BAD42B7E5DD200CBFD68 /* XCRemoteSwiftPackageReference "RxSwift" */;
			productName = RxCocoa;
		};
		119924A72B8E1C8D00EC7DF0 /* RxCocoa-Dynamic */ = {
			isa = XCSwiftPackageProductDependency;
			package = 1162BAD42B7E5DD200CBFD68 /* XCRemoteSwiftPackageReference "RxSwift" */;
			productName = "RxCocoa-Dynamic";
		};
		119924A92B8E1C8D00EC7DF0 /* RxRelay */ = {
			isa = XCSwiftPackageProductDependency;
			package = 1162BAD42B7E5DD200CBFD68 /* XCRemoteSwiftPackageReference "RxSwift" */;
			productName = RxRelay;
		};
		119924AB2B8E1C8D00EC7DF0 /* RxRelay-Dynamic */ = {
			isa = XCSwiftPackageProductDependency;
			package = 1162BAD42B7E5DD200CBFD68 /* XCRemoteSwiftPackageReference "RxSwift" */;
			productName = "RxRelay-Dynamic";
		};
		119924AD2B8E1C8D00EC7DF0 /* RxSwift */ = {
			isa = XCSwiftPackageProductDependency;
			package = 1162BAD42B7E5DD200CBFD68 /* XCRemoteSwiftPackageReference "RxSwift" */;
			productName = RxSwift;
		};
/* End XCSwiftPackageProductDependency section */

/* Begin XCVersionGroup section */
		1162BA8D2B7AA4E300CBFD68 /* GrillTimer_Swift_CodeUI.xcdatamodeld */ = {
			isa = XCVersionGroup;
			children = (
				1162BA8E2B7AA4E300CBFD68 /* GrillTimer_Swift_CodeUI.xcdatamodel */,
			);
			currentVersion = 1162BA8E2B7AA4E300CBFD68 /* GrillTimer_Swift_CodeUI.xcdatamodel */;
			path = GrillTimer_Swift_CodeUI.xcdatamodeld;
			sourceTree = "<group>";
			versionGroupType = wrapper.xcdatamodel;
		};
/* End XCVersionGroup section */
	};
	rootObject = 1162BA792B7AA4E300CBFD68 /* Project object */;
}
