// !$*UTF8*$!
{
	archiveVersion = 1;
	classes = {
	};
	objectVersion = 56;
	objects = {

/* Begin PBXBuildFile section */
		1162BA852B7AA4E300CBFD68 /* AppDelegate.swift in Sources */ = {isa = PBXBuildFile; fileRef = 1162BA842B7AA4E300CBFD68 /* AppDelegate.swift */; };
		1162BA872B7AA4E300CBFD68 /* SceneDelegate.swift in Sources */ = {isa = PBXBuildFile; fileRef = 1162BA862B7AA4E300CBFD68 /* SceneDelegate.swift */; };
		1162BA8F2B7AA4E300CBFD68 /* GrillTimer_Swift_CodeUI.xcdatamodeld in Sources */ = {isa = PBXBuildFile; fileRef = 1162BA8D2B7AA4E300CBFD68 /* GrillTimer_Swift_CodeUI.xcdatamodeld */; };
		1162BA912B7AA4E500CBFD68 /* Assets.xcassets in Resources */ = {isa = PBXBuildFile; fileRef = 1162BA902B7AA4E500CBFD68 /* Assets.xcassets */; };
		1162BA942B7AA4E500CBFD68 /* LaunchScreen.storyboard in Resources */ = {isa = PBXBuildFile; fileRef = 1162BA922B7AA4E500CBFD68 /* LaunchScreen.storyboard */; };
		1162BAC32B7CF39C00CBFD68 /* Coordinator.swift in Sources */ = {isa = PBXBuildFile; fileRef = 1162BAC22B7CF39C00CBFD68 /* Coordinator.swift */; };
		1162BAC62B7CF44F00CBFD68 /* MainView.swift in Sources */ = {isa = PBXBuildFile; fileRef = 1162BAC52B7CF44F00CBFD68 /* MainView.swift */; };
		1162BAC82B7CF45E00CBFD68 /* MainViewModel.swift in Sources */ = {isa = PBXBuildFile; fileRef = 1162BAC72B7CF45E00CBFD68 /* MainViewModel.swift */; };
		1162BACD2B7CF8F900CBFD68 /* SnapKit in Frameworks */ = {isa = PBXBuildFile; productRef = 1162BACC2B7CF8F900CBFD68 /* SnapKit */; };
		1162BACF2B7CF8F900CBFD68 /* SnapKit-Dynamic in Frameworks */ = {isa = PBXBuildFile; productRef = 1162BACE2B7CF8F900CBFD68 /* SnapKit-Dynamic */; };
/* End PBXBuildFile section */

/* Begin PBXFileReference section */
		1162BA812B7AA4E300CBFD68 /* GrillTimer_Swift-CodeUI.app */ = {isa = PBXFileReference; explicitFileType = wrapper.application; includeInIndex = 0; path = "GrillTimer_Swift-CodeUI.app"; sourceTree = BUILT_PRODUCTS_DIR; };
		1162BA842B7AA4E300CBFD68 /* AppDelegate.swift */ = {isa = PBXFileReference; lastKnownFileType = sourcecode.swift; path = AppDelegate.swift; sourceTree = "<group>"; };
		1162BA862B7AA4E300CBFD68 /* SceneDelegate.swift */ = {isa = PBXFileReference; lastKnownFileType = sourcecode.swift; path = SceneDelegate.swift; sourceTree = "<group>"; };
		1162BA8E2B7AA4E300CBFD68 /* GrillTimer_Swift_CodeUI.xcdatamodel */ = {isa = PBXFileReference; lastKnownFileType = wrapper.xcdatamodel; path = GrillTimer_Swift_CodeUI.xcdatamodel; sourceTree = "<group>"; };
		1162BA902B7AA4E500CBFD68 /* Assets.xcassets */ = {isa = PBXFileReference; lastKnownFileType = folder.assetcatalog; path = Assets.xcassets; sourceTree = "<group>"; };
		1162BA932B7AA4E500CBFD68 /* Base */ = {isa = PBXFileReference; lastKnownFileType = file.storyboard; name = Base; path = Base.lproj/LaunchScreen.storyboard; sourceTree = "<group>"; };
		1162BA952B7AA4E500CBFD68 /* Info.plist */ = {isa = PBXFileReference; lastKnownFileType = text.plist.xml; path = Info.plist; sourceTree = "<group>"; };
		1162BAC22B7CF39C00CBFD68 /* Coordinator.swift */ = {isa = PBXFileReference; lastKnownFileType = sourcecode.swift; path = Coordinator.swift; sourceTree = "<group>"; };
		1162BAC52B7CF44F00CBFD68 /* MainView.swift */ = {isa = PBXFileReference; lastKnownFileType = sourcecode.swift; path = MainView.swift; sourceTree = "<group>"; };
		1162BAC72B7CF45E00CBFD68 /* MainViewModel.swift */ = {isa = PBXFileReference; lastKnownFileType = sourcecode.swift; path = MainViewModel.swift; sourceTree = "<group>"; };
/* End PBXFileReference section */

/* Begin PBXFrameworksBuildPhase section */
		1162BA7E2B7AA4E300CBFD68 /* Frameworks */ = {
			isa = PBXFrameworksBuildPhase;
			buildActionMask = 2147483647;
			files = (
				1162BACD2B7CF8F900CBFD68 /* SnapKit in Frameworks */,
				1162BACF2B7CF8F900CBFD68 /* SnapKit-Dynamic in Frameworks */,
			);
			runOnlyForDeploymentPostprocessing = 0;
		};
/* End PBXFrameworksBuildPhase section */

/* Begin PBXGroup section */
		1162BA782B7AA4E300CBFD68 = {
			isa = PBXGroup;
			children = (
				1162BA832B7AA4E300CBFD68 /* GrillTimer_Swift-CodeUI */,
				1162BA822B7AA4E300CBFD68 /* Products */,
			);
			sourceTree = "<group>";
		};
		1162BA822B7AA4E300CBFD68 /* Products */ = {
			isa = PBXGroup;
			children = (
				1162BA812B7AA4E300CBFD68 /* GrillTimer_Swift-CodeUI.app */,
			);
			name = Products;
			sourceTree = "<group>";
		};
		1162BA832B7AA4E300CBFD68 /* GrillTimer_Swift-CodeUI */ = {
			isa = PBXGroup;
			children = (
				1162BAC22B7CF39C00CBFD68 /* Coordinator.swift */,
				1162BAC42B7CF43A00CBFD68 /* Main */,
				1162BA842B7AA4E300CBFD68 /* AppDelegate.swift */,
				1162BA862B7AA4E300CBFD68 /* SceneDelegate.swift */,
				1162BA902B7AA4E500CBFD68 /* Assets.xcassets */,
				1162BA922B7AA4E500CBFD68 /* LaunchScreen.storyboard */,
				1162BA952B7AA4E500CBFD68 /* Info.plist */,
				1162BA8D2B7AA4E300CBFD68 /* GrillTimer_Swift_CodeUI.xcdatamodeld */,
			);
			path = "GrillTimer_Swift-CodeUI";
			sourceTree = "<group>";
		};
		1162BAC42B7CF43A00CBFD68 /* Main */ = {
			isa = PBXGroup;
			children = (
				1162BAC52B7CF44F00CBFD68 /* MainView.swift */,
				1162BAC72B7CF45E00CBFD68 /* MainViewModel.swift */,
			);
			path = Main;
			sourceTree = "<group>";
		};
/* End PBXGroup section */

/* Begin PBXNativeTarget section */
		1162BA802B7AA4E300CBFD68 /* GrillTimer_Swift-CodeUI */ = {
			isa = PBXNativeTarget;
			buildConfigurationList = 1162BA982B7AA4E500CBFD68 /* Build configuration list for PBXNativeTarget "GrillTimer_Swift-CodeUI" */;
			buildPhases = (
				1162BA7D2B7AA4E300CBFD68 /* Sources */,
				1162BA7E2B7AA4E300CBFD68 /* Frameworks */,
				1162BA7F2B7AA4E300CBFD68 /* Resources */,
			);
			buildRules = (
			);
			dependencies = (
			);
			name = "GrillTimer_Swift-CodeUI";
			packageProductDependencies = (
				1162BACC2B7CF8F900CBFD68 /* SnapKit */,
				1162BACE2B7CF8F900CBFD68 /* SnapKit-Dynamic */,
			);
			productName = "GrillTimer_Swift-CodeUI";
			productReference = 1162BA812B7AA4E300CBFD68 /* GrillTimer_Swift-CodeUI.app */;
			productType = "com.apple.product-type.application";
		};
/* End PBXNativeTarget section */

/* Begin PBXProject section */
		1162BA792B7AA4E300CBFD68 /* Project object */ = {
			isa = PBXProject;
			attributes = {
				BuildIndependentTargetsInParallel = 1;
				LastSwiftUpdateCheck = 1500;
				LastUpgradeCheck = 1500;
				TargetAttributes = {
					1162BA802B7AA4E300CBFD68 = {
						CreatedOnToolsVersion = 15.0;
					};
				};
			};
			buildConfigurationList = 1162BA7C2B7AA4E300CBFD68 /* Build configuration list for PBXProject "GrillTimer_Swift-CodeUI" */;
			compatibilityVersion = "Xcode 14.0";
			developmentRegion = en;
			hasScannedForEncodings = 0;
			knownRegions = (
				en,
				Base,
			);
			mainGroup = 1162BA782B7AA4E300CBFD68;
			packageReferences = (
				1162BACB2B7CF8F900CBFD68 /* XCRemoteSwiftPackageReference "SnapKit" */,
			);
			productRefGroup = 1162BA822B7AA4E300CBFD68 /* Products */;
			projectDirPath = "";
			projectRoot = "";
			targets = (
				1162BA802B7AA4E300CBFD68 /* GrillTimer_Swift-CodeUI */,
			);
		};
/* End PBXProject section */

/* Begin PBXResourcesBuildPhase section */
		1162BA7F2B7AA4E300CBFD68 /* Resources */ = {
			isa = PBXResourcesBuildPhase;
			buildActionMask = 2147483647;
			files = (
				1162BA942B7AA4E500CBFD68 /* LaunchScreen.storyboard in Resources */,
				1162BA912B7AA4E500CBFD68 /* Assets.xcassets in Resources */,
			);
			runOnlyForDeploymentPostprocessing = 0;
		};
/* End PBXResourcesBuildPhase section */

/* Begin PBXSourcesBuildPhase section */
		1162BA7D2B7AA4E300CBFD68 /* Sources */ = {
			isa = PBXSourcesBuildPhase;
			buildActionMask = 2147483647;
			files = (
				1162BAC32B7CF39C00CBFD68 /* Coordinator.swift in Sources */,
				1162BAC82B7CF45E00CBFD68 /* MainViewModel.swift in Sources */,
				1162BA852B7AA4E300CBFD68 /* AppDelegate.swift in Sources */,
				1162BA872B7AA4E300CBFD68 /* SceneDelegate.swift in Sources */,
				1162BAC62B7CF44F00CBFD68 /* MainView.swift in Sources */,
				1162BA8F2B7AA4E300CBFD68 /* GrillTimer_Swift_CodeUI.xcdatamodeld in Sources */,
			);
			runOnlyForDeploymentPostprocessing = 0;
		};
/* End PBXSourcesBuildPhase section */

/* Begin PBXVariantGroup section */
		1162BA922B7AA4E500CBFD68 /* LaunchScreen.storyboard */ = {
			isa = PBXVariantGroup;
			children = (
				1162BA932B7AA4E500CBFD68 /* Base */,
			);
			name = LaunchScreen.storyboard;
			sourceTree = "<group>";
		};
/* End PBXVariantGroup section */

/* Begin XCBuildConfiguration section */
		1162BA962B7AA4E500CBFD68 /* Debug */ = {
			isa = XCBuildConfiguration;
			buildSettings = {
				ALWAYS_SEARCH_USER_PATHS = NO;
				ASSETCATALOG_COMPILER_GENERATE_SWIFT_ASSET_SYMBOL_EXTENSIONS = YES;
				CLANG_ANALYZER_NONNULL = YES;
				CLANG_ANALYZER_NUMBER_OBJECT_CONVERSION = YES_AGGRESSIVE;
				CLANG_CXX_LANGUAGE_STANDARD = "gnu++20";
				CLANG_ENABLE_MODULES = YES;
				CLANG_ENABLE_OBJC_ARC = YES;
				CLANG_ENABLE_OBJC_WEAK = YES;
				CLANG_WARN_BLOCK_CAPTURE_AUTORELEASING = YES;
				CLANG_WARN_BOOL_CONVERSION = YES;
				CLANG_WARN_COMMA = YES;
				CLANG_WARN_CONSTANT_CONVERSION = YES;
				CLANG_WARN_DEPRECATED_OBJC_IMPLEMENTATIONS = YES;
				CLANG_WARN_DIRECT_OBJC_ISA_USAGE = YES_ERROR;
				CLANG_WARN_DOCUMENTATION_COMMENTS = YES;
				CLANG_WARN_EMPTY_BODY = YES;
				CLANG_WARN_ENUM_CONVERSION = YES;
				CLANG_WARN_INFINITE_RECURSION = YES;
				CLANG_WARN_INT_CONVERSION = YES;
				CLANG_WARN_NON_LITERAL_NULL_CONVERSION = YES;
				CLANG_WARN_OBJC_IMPLICIT_RETAIN_SELF = YES;
				CLANG_WARN_OBJC_LITERAL_CONVERSION = YES;
				CLANG_WARN_OBJC_ROOT_CLASS = YES_ERROR;
				CLANG_WARN_QUOTED_INCLUDE_IN_FRAMEWORK_HEADER = YES;
				CLANG_WARN_RANGE_LOOP_ANALYSIS = YES;
				CLANG_WARN_STRICT_PROTOTYPES = YES;
				CLANG_WARN_SUSPICIOUS_MOVE = YES;
				CLANG_WARN_UNGUARDED_AVAILABILITY = YES_AGGRESSIVE;
				CLANG_WARN_UNREACHABLE_CODE = YES;
				CLANG_WARN__DUPLICATE_METHOD_MATCH = YES;
				COPY_PHASE_STRIP = NO;
				DEBUG_INFORMATION_FORMAT = dwarf;
				ENABLE_STRICT_OBJC_MSGSEND = YES;
				ENABLE_TESTABILITY = YES;
				ENABLE_USER_SCRIPT_SANDBOXING = YES;
				GCC_C_LANGUAGE_STANDARD = gnu17;
				GCC_DYNAMIC_NO_PIC = NO;
				GCC_NO_COMMON_BLOCKS = YES;
				GCC_OPTIMIZATION_LEVEL = 0;
				GCC_PREPROCESSOR_DEFINITIONS = (
					"DEBUG=1",
					"$(inherited)",
				);
				GCC_WARN_64_TO_32_BIT_CONVERSION = YES;
				GCC_WARN_ABOUT_RETURN_TYPE = YES_ERROR;
				GCC_WARN_UNDECLARED_SELECTOR = YES;
				GCC_WARN_UNINITIALIZED_AUTOS = YES_AGGRESSIVE;
				GCC_WARN_UNUSED_FUNCTION = YES;
				GCC_WARN_UNUSED_VARIABLE = YES;
				IPHONEOS_DEPLOYMENT_TARGET = 17.0;
				LOCALIZATION_PREFERS_STRING_CATALOGS = YES;
				MTL_ENABLE_DEBUG_INFO = INCLUDE_SOURCE;
				MTL_FAST_MATH = YES;
				ONLY_ACTIVE_ARCH = YES;
				SDKROOT = iphoneos;
				SWIFT_ACTIVE_COMPILATION_CONDITIONS = "DEBUG $(inherited)";
				SWIFT_OPTIMIZATION_LEVEL = "-Onone";
			};
			name = Debug;
		};
		1162BA972B7AA4E500CBFD68 /* Release */ = {
			isa = XCBuildConfiguration;
			buildSettings = {
				ALWAYS_SEARCH_USER_PATHS = NO;
				ASSETCATALOG_COMPILER_GENERATE_SWIFT_ASSET_SYMBOL_EXTENSIONS = YES;
				CLANG_ANALYZER_NONNULL = YES;
				CLANG_ANALYZER_NUMBER_OBJECT_CONVERSION = YES_AGGRESSIVE;
				CLANG_CXX_LANGUAGE_STANDARD = "gnu++20";
				CLANG_ENABLE_MODULES = YES;
				CLANG_ENABLE_OBJC_ARC = YES;
				CLANG_ENABLE_OBJC_WEAK = YES;
				CLANG_WARN_BLOCK_CAPTURE_AUTORELEASING = YES;
				CLANG_WARN_BOOL_CONVERSION = YES;
				CLANG_WARN_COMMA = YES;
				CLANG_WARN_CONSTANT_CONVERSION = YES;
				CLANG_WARN_DEPRECATED_OBJC_IMPLEMENTATIONS = YES;
				CLANG_WARN_DIRECT_OBJC_ISA_USAGE = YES_ERROR;
				CLANG_WARN_DOCUMENTATION_COMMENTS = YES;
				CLANG_WARN_EMPTY_BODY = YES;
				CLANG_WARN_ENUM_CONVERSION = YES;
				CLANG_WARN_INFINITE_RECURSION = YES;
				CLANG_WARN_INT_CONVERSION = YES;
				CLANG_WARN_NON_LITERAL_NULL_CONVERSION = YES;
				CLANG_WARN_OBJC_IMPLICIT_RETAIN_SELF = YES;
				CLANG_WARN_OBJC_LITERAL_CONVERSION = YES;
				CLANG_WARN_OBJC_ROOT_CLASS = YES_ERROR;
				CLANG_WARN_QUOTED_INCLUDE_IN_FRAMEWORK_HEADER = YES;
				CLANG_WARN_RANGE_LOOP_ANALYSIS = YES;
				CLANG_WARN_STRICT_PROTOTYPES = YES;
				CLANG_WARN_SUSPICIOUS_MOVE = YES;
				CLANG_WARN_UNGUARDED_AVAILABILITY = YES_AGGRESSIVE;
				CLANG_WARN_UNREACHABLE_CODE = YES;
				CLANG_WARN__DUPLICATE_METHOD_MATCH = YES;
				COPY_PHASE_STRIP = NO;
				DEBUG_INFORMATION_FORMAT = "dwarf-with-dsym";
				ENABLE_NS_ASSERTIONS = NO;
				ENABLE_STRICT_OBJC_MSGSEND = YES;
				ENABLE_USER_SCRIPT_SANDBOXING = YES;
				GCC_C_LANGUAGE_STANDARD = gnu17;
				GCC_NO_COMMON_BLOCKS = YES;
				GCC_WARN_64_TO_32_BIT_CONVERSION = YES;
				GCC_WARN_ABOUT_RETURN_TYPE = YES_ERROR;
				GCC_WARN_UNDECLARED_SELECTOR = YES;
				GCC_WARN_UNINITIALIZED_AUTOS = YES_AGGRESSIVE;
				GCC_WARN_UNUSED_FUNCTION = YES;
				GCC_WARN_UNUSED_VARIABLE = YES;
				IPHONEOS_DEPLOYMENT_TARGET = 17.0;
				LOCALIZATION_PREFERS_STRING_CATALOGS = YES;
				MTL_ENABLE_DEBUG_INFO = NO;
				MTL_FAST_MATH = YES;
				SDKROOT = iphoneos;
				SWIFT_COMPILATION_MODE = wholemodule;
				VALIDATE_PRODUCT = YES;
			};
			name = Release;
		};
		1162BA992B7AA4E500CBFD68 /* Debug */ = {
			isa = XCBuildConfiguration;
			buildSettings = {
				ASSETCATALOG_COMPILER_APPICON_NAME = AppIcon;
				ASSETCATALOG_COMPILER_GLOBAL_ACCENT_COLOR_NAME = AccentColor;
				CODE_SIGN_STYLE = Automatic;
				CURRENT_PROJECT_VERSION = 1;
				DEVELOPMENT_TEAM = 257JQPZXSC;
				GENERATE_INFOPLIST_FILE = YES;
				INFOPLIST_FILE = "GrillTimer_Swift-CodeUI/Info.plist";
				INFOPLIST_KEY_UIApplicationSupportsIndirectInputEvents = YES;
				INFOPLIST_KEY_UILaunchStoryboardName = LaunchScreen;
				INFOPLIST_KEY_UISupportedInterfaceOrientations_iPad = "UIInterfaceOrientationPortrait UIInterfaceOrientationPortraitUpsideDown UIInterfaceOrientationLandscapeLeft UIInterfaceOrientationLandscapeRight";
				INFOPLIST_KEY_UISupportedInterfaceOrientations_iPhone = "UIInterfaceOrientationPortrait UIInterfaceOrientationLandscapeLeft UIInterfaceOrientationLandscapeRight";
				LD_RUNPATH_SEARCH_PATHS = (
					"$(inherited)",
					"@executable_path/Frameworks",
				);
				MARKETING_VERSION = 1.0;
				PRODUCT_BUNDLE_IDENTIFIER = "PulatovAleksandr.GrillTimer-Swift-CodeUI";
				PRODUCT_NAME = "$(TARGET_NAME)";
				SWIFT_EMIT_LOC_STRINGS = YES;
				SWIFT_VERSION = 5.0;
				TARGETED_DEVICE_FAMILY = "1,2";
			};
			name = Debug;
		};
		1162BA9A2B7AA4E500CBFD68 /* Release */ = {
			isa = XCBuildConfiguration;
			buildSettings = {
				ASSETCATALOG_COMPILER_APPICON_NAME = AppIcon;
				ASSETCATALOG_COMPILER_GLOBAL_ACCENT_COLOR_NAME = AccentColor;
				CODE_SIGN_STYLE = Automatic;
				CURRENT_PROJECT_VERSION = 1;
				DEVELOPMENT_TEAM = 257JQPZXSC;
				GENERATE_INFOPLIST_FILE = YES;
				INFOPLIST_FILE = "GrillTimer_Swift-CodeUI/Info.plist";
				INFOPLIST_KEY_UIApplicationSupportsIndirectInputEvents = YES;
				INFOPLIST_KEY_UILaunchStoryboardName = LaunchScreen;
				INFOPLIST_KEY_UISupportedInterfaceOrientations_iPad = "UIInterfaceOrientationPortrait UIInterfaceOrientationPortraitUpsideDown UIInterfaceOrientationLandscapeLeft UIInterfaceOrientationLandscapeRight";
				INFOPLIST_KEY_UISupportedInterfaceOrientations_iPhone = "UIInterfaceOrientationPortrait UIInterfaceOrientationLandscapeLeft UIInterfaceOrientationLandscapeRight";
				LD_RUNPATH_SEARCH_PATHS = (
					"$(inherited)",
					"@executable_path/Frameworks",
				);
				MARKETING_VERSION = 1.0;
				PRODUCT_BUNDLE_IDENTIFIER = "PulatovAleksandr.GrillTimer-Swift-CodeUI";
				PRODUCT_NAME = "$(TARGET_NAME)";
				SWIFT_EMIT_LOC_STRINGS = YES;
				SWIFT_VERSION = 5.0;
				TARGETED_DEVICE_FAMILY = "1,2";
			};
			name = Release;
		};
/* End XCBuildConfiguration section */

/* Begin XCConfigurationList section */
		1162BA7C2B7AA4E300CBFD68 /* Build configuration list for PBXProject "GrillTimer_Swift-CodeUI" */ = {
			isa = XCConfigurationList;
			buildConfigurations = (
				1162BA962B7AA4E500CBFD68 /* Debug */,
				1162BA972B7AA4E500CBFD68 /* Release */,
			);
			defaultConfigurationIsVisible = 0;
			defaultConfigurationName = Release;
		};
		1162BA982B7AA4E500CBFD68 /* Build configuration list for PBXNativeTarget "GrillTimer_Swift-CodeUI" */ = {
			isa = XCConfigurationList;
			buildConfigurations = (
				1162BA992B7AA4E500CBFD68 /* Debug */,
				1162BA9A2B7AA4E500CBFD68 /* Release */,
			);
			defaultConfigurationIsVisible = 0;
			defaultConfigurationName = Release;
		};
/* End XCConfigurationList section */

/* Begin XCRemoteSwiftPackageReference section */
		1162BACB2B7CF8F900CBFD68 /* XCRemoteSwiftPackageReference "SnapKit" */ = {
			isa = XCRemoteSwiftPackageReference;
			repositoryURL = "https://github.com/SnapKit/SnapKit.git";
			requirement = {
				kind = upToNextMajorVersion;
				minimumVersion = 5.7.0;
			};
		};
/* End XCRemoteSwiftPackageReference section */

/* Begin XCSwiftPackageProductDependency section */
		1162BACC2B7CF8F900CBFD68 /* SnapKit */ = {
			isa = XCSwiftPackageProductDependency;
			package = 1162BACB2B7CF8F900CBFD68 /* XCRemoteSwiftPackageReference "SnapKit" */;
			productName = SnapKit;
		};
		1162BACE2B7CF8F900CBFD68 /* SnapKit-Dynamic */ = {
			isa = XCSwiftPackageProductDependency;
			package = 1162BACB2B7CF8F900CBFD68 /* XCRemoteSwiftPackageReference "SnapKit" */;
			productName = "SnapKit-Dynamic";
		};
/* End XCSwiftPackageProductDependency section */

/* Begin XCVersionGroup section */
		1162BA8D2B7AA4E300CBFD68 /* GrillTimer_Swift_CodeUI.xcdatamodeld */ = {
			isa = XCVersionGroup;
			children = (
				1162BA8E2B7AA4E300CBFD68 /* GrillTimer_Swift_CodeUI.xcdatamodel */,
			);
			currentVersion = 1162BA8E2B7AA4E300CBFD68 /* GrillTimer_Swift_CodeUI.xcdatamodel */;
			path = GrillTimer_Swift_CodeUI.xcdatamodeld;
			sourceTree = "<group>";
			versionGroupType = wrapper.xcdatamodel;
		};
/* End XCVersionGroup section */
	};
	rootObject = 1162BA792B7AA4E300CBFD68 /* Project object */;
}
